// !$*UTF8*$!
{
	archiveVersion = 1;
	classes = {
	};
	objectVersion = 50;
	objects = {

/* Begin PBXBuildFile section */
		696B099522DE3FAD002F5058 /* AppDelegate.swift in Sources */ = {isa = PBXBuildFile; fileRef = 696B099422DE3FAD002F5058 /* AppDelegate.swift */; };
		696B099722DE3FAD002F5058 /* SceneDelegate.swift in Sources */ = {isa = PBXBuildFile; fileRef = 696B099622DE3FAD002F5058 /* SceneDelegate.swift */; };
		696B099922DE3FAD002F5058 /* ViewController.swift in Sources */ = {isa = PBXBuildFile; fileRef = 696B099822DE3FAD002F5058 /* ViewController.swift */; };
		696B099E22DE3FAF002F5058 /* Assets.xcassets in Resources */ = {isa = PBXBuildFile; fileRef = 696B099D22DE3FAF002F5058 /* Assets.xcassets */; };
		696B09A122DE3FAF002F5058 /* LaunchScreen.storyboard in Resources */ = {isa = PBXBuildFile; fileRef = 696B099F22DE3FAF002F5058 /* LaunchScreen.storyboard */; };
/* End PBXBuildFile section */

/* Begin PBXFileReference section */
		696B099122DE3FAD002F5058 /* BuggedTableViewDelegateMethods.app */ = {isa = PBXFileReference; explicitFileType = wrapper.application; includeInIndex = 0; path = BuggedTableViewDelegateMethods.app; sourceTree = BUILT_PRODUCTS_DIR; };
		696B099422DE3FAD002F5058 /* AppDelegate.swift */ = {isa = PBXFileReference; lastKnownFileType = sourcecode.swift; path = AppDelegate.swift; sourceTree = "<group>"; };
		696B099622DE3FAD002F5058 /* SceneDelegate.swift */ = {isa = PBXFileReference; lastKnownFileType = sourcecode.swift; path = SceneDelegate.swift; sourceTree = "<group>"; };
		696B099822DE3FAD002F5058 /* ViewController.swift */ = {isa = PBXFileReference; lastKnownFileType = sourcecode.swift; path = ViewController.swift; sourceTree = "<group>"; };
		696B099D22DE3FAF002F5058 /* Assets.xcassets */ = {isa = PBXFileReference; lastKnownFileType = folder.assetcatalog; path = Assets.xcassets; sourceTree = "<group>"; };
		696B09A022DE3FAF002F5058 /* Base */ = {isa = PBXFileReference; lastKnownFileType = file.storyboard; name = Base; path = Base.lproj/LaunchScreen.storyboard; sourceTree = "<group>"; };
		696B09A222DE3FAF002F5058 /* Info.plist */ = {isa = PBXFileReference; lastKnownFileType = text.plist.xml; path = Info.plist; sourceTree = "<group>"; };
/* End PBXFileReference section */

/* Begin PBXFrameworksBuildPhase section */
		696B098E22DE3FAD002F5058 /* Frameworks */ = {
			isa = PBXFrameworksBuildPhase;
			buildActionMask = 2147483647;
			files = (
			);
			runOnlyForDeploymentPostprocessing = 0;
		};
/* End PBXFrameworksBuildPhase section */

/* Begin PBXGroup section */
		696B098822DE3FAD002F5058 = {
			isa = PBXGroup;
			children = (
				696B099322DE3FAD002F5058 /* BuggedTableViewDelegateMethods */,
				696B099222DE3FAD002F5058 /* Products */,
			);
			sourceTree = "<group>";
		};
		696B099222DE3FAD002F5058 /* Products */ = {
			isa = PBXGroup;
			children = (
				696B099122DE3FAD002F5058 /* BuggedTableViewDelegateMethods.app */,
			);
			name = Products;
			sourceTree = "<group>";
		};
		696B099322DE3FAD002F5058 /* BuggedTableViewDelegateMethods */ = {
			isa = PBXGroup;
			children = (
				696B099422DE3FAD002F5058 /* AppDelegate.swift */,
				696B099622DE3FAD002F5058 /* SceneDelegate.swift */,
				696B099822DE3FAD002F5058 /* ViewController.swift */,
				696B099D22DE3FAF002F5058 /* Assets.xcassets */,
				696B099F22DE3FAF002F5058 /* LaunchScreen.storyboard */,
				696B09A222DE3FAF002F5058 /* Info.plist */,
			);
			path = BuggedTableViewDelegateMethods;
			sourceTree = "<group>";
		};
/* End PBXGroup section */

/* Begin PBXNativeTarget section */
		696B099022DE3FAD002F5058 /* BuggedTableViewDelegateMethods */ = {
			isa = PBXNativeTarget;
			buildConfigurationList = 696B09A522DE3FAF002F5058 /* Build configuration list for PBXNativeTarget "BuggedTableViewDelegateMethods" */;
			buildPhases = (
				696B098D22DE3FAD002F5058 /* Sources */,
				696B098E22DE3FAD002F5058 /* Frameworks */,
				696B098F22DE3FAD002F5058 /* Resources */,
			);
			buildRules = (
			);
			dependencies = (
			);
			name = BuggedTableViewDelegateMethods;
			productName = BuggedTableViewDelegateMethods;
			productReference = 696B099122DE3FAD002F5058 /* BuggedTableViewDelegateMethods.app */;
			productType = "com.apple.product-type.application";
		};
/* End PBXNativeTarget section */

/* Begin PBXProject section */
		696B098922DE3FAD002F5058 /* Project object */ = {
			isa = PBXProject;
			attributes = {
				LastSwiftUpdateCheck = 1100;
				LastUpgradeCheck = 1100;
				ORGANIZATIONNAME = "Jasper Visser";
				TargetAttributes = {
					696B099022DE3FAD002F5058 = {
						CreatedOnToolsVersion = 11.0;
					};
				};
			};
			buildConfigurationList = 696B098C22DE3FAD002F5058 /* Build configuration list for PBXProject "BuggedTableViewDelegateMethods" */;
			compatibilityVersion = "Xcode 9.3";
			developmentRegion = en;
			hasScannedForEncodings = 0;
			knownRegions = (
				en,
				Base,
			);
			mainGroup = 696B098822DE3FAD002F5058;
			productRefGroup = 696B099222DE3FAD002F5058 /* Products */;
			projectDirPath = "";
			projectRoot = "";
			targets = (
				696B099022DE3FAD002F5058 /* BuggedTableViewDelegateMethods */,
			);
		};
/* End PBXProject section */

/* Begin PBXResourcesBuildPhase section */
		696B098F22DE3FAD002F5058 /* Resources */ = {
			isa = PBXResourcesBuildPhase;
			buildActionMask = 2147483647;
			files = (
				696B09A122DE3FAF002F5058 /* LaunchScreen.storyboard in Resources */,
				696B099E22DE3FAF002F5058 /* Assets.xcassets in Resources */,
			);
			runOnlyForDeploymentPostprocessing = 0;
		};
/* End PBXResourcesBuildPhase section */

/* Begin PBXSourcesBuildPhase section */
		696B098D22DE3FAD002F5058 /* Sources */ = {
			isa = PBXSourcesBuildPhase;
			buildActionMask = 2147483647;
			files = (
				696B099922DE3FAD002F5058 /* ViewController.swift in Sources */,
				696B099522DE3FAD002F5058 /* AppDelegate.swift in Sources */,
				696B099722DE3FAD002F5058 /* SceneDelegate.swift in Sources */,
			);
			runOnlyForDeploymentPostprocessing = 0;
		};
/* End PBXSourcesBuildPhase section */

/* Begin PBXVariantGroup section */
		696B099F22DE3FAF002F5058 /* LaunchScreen.storyboard */ = {
			isa = PBXVariantGroup;
			children = (
				696B09A022DE3FAF002F5058 /* Base */,
			);
			name = LaunchScreen.storyboard;
			sourceTree = "<group>";
		};
/* End PBXVariantGroup section */

/* Begin XCBuildConfiguration section */
		696B09A322DE3FAF002F5058 /* Debug */ = {
			isa = XCBuildConfiguration;
			buildSettings = {
				ALWAYS_SEARCH_USER_PATHS = NO;
				CLANG_ANALYZER_NONNULL = YES;
				CLANG_ANALYZER_NUMBER_OBJECT_CONVERSION = YES_AGGRESSIVE;
				CLANG_CXX_LANGUAGE_STANDARD = "gnu++14";
				CLANG_CXX_LIBRARY = "libc++";
				CLANG_ENABLE_MODULES = YES;
				CLANG_ENABLE_OBJC_ARC = YES;
				CLANG_ENABLE_OBJC_WEAK = YES;
				CLANG_WARN_BLOCK_CAPTURE_AUTORELEASING = YES;
				CLANG_WARN_BOOL_CONVERSION = YES;
				CLANG_WARN_COMMA = YES;
				CLANG_WARN_CONSTANT_CONVERSION = YES;
				CLANG_WARN_DEPRECATED_OBJC_IMPLEMENTATIONS = YES;
				CLANG_WARN_DIRECT_OBJC_ISA_USAGE = YES_ERROR;
				CLANG_WARN_DOCUMENTATION_COMMENTS = YES;
				CLANG_WARN_EMPTY_BODY = YES;
				CLANG_WARN_ENUM_CONVERSION = YES;
				CLANG_WARN_INFINITE_RECURSION = YES;
				CLANG_WARN_INT_CONVERSION = YES;
				CLANG_WARN_NON_LITERAL_NULL_CONVERSION = YES;
				CLANG_WARN_OBJC_IMPLICIT_RETAIN_SELF = YES;
				CLANG_WARN_OBJC_LITERAL_CONVERSION = YES;
				CLANG_WARN_OBJC_ROOT_CLASS = YES_ERROR;
				CLANG_WARN_RANGE_LOOP_ANALYSIS = YES;
				CLANG_WARN_STRICT_PROTOTYPES = YES;
				CLANG_WARN_SUSPICIOUS_MOVE = YES;
				CLANG_WARN_UNGUARDED_AVAILABILITY = YES_AGGRESSIVE;
				CLANG_WARN_UNREACHABLE_CODE = YES;
				CLANG_WARN__DUPLICATE_METHOD_MATCH = YES;
				COPY_PHASE_STRIP = NO;
				DEBUG_INFORMATION_FORMAT = dwarf;
				ENABLE_STRICT_OBJC_MSGSEND = YES;
				ENABLE_TESTABILITY = YES;
				GCC_C_LANGUAGE_STANDARD = gnu11;
				GCC_DYNAMIC_NO_PIC = NO;
				GCC_NO_COMMON_BLOCKS = YES;
				GCC_OPTIMIZATION_LEVEL = 0;
				GCC_PREPROCESSOR_DEFINITIONS = (
					"DEBUG=1",
					"$(inherited)",
				);
				GCC_WARN_64_TO_32_BIT_CONVERSION = YES;
				GCC_WARN_ABOUT_RETURN_TYPE = YES_ERROR;
				GCC_WARN_UNDECLARED_SELECTOR = YES;
				GCC_WARN_UNINITIALIZED_AUTOS = YES_AGGRESSIVE;
				GCC_WARN_UNUSED_FUNCTION = YES;
				GCC_WARN_UNUSED_VARIABLE = YES;
				IPHONEOS_DEPLOYMENT_TARGET = 13.0;
				MTL_ENABLE_DEBUG_INFO = INCLUDE_SOURCE;
				MTL_FAST_MATH = YES;
				ONLY_ACTIVE_ARCH = YES;
				SDKROOT = iphoneos;
				SWIFT_ACTIVE_COMPILATION_CONDITIONS = DEBUG;
				SWIFT_OPTIMIZATION_LEVEL = "-Onone";
			};
			name = Debug;
		};
		696B09A422DE3FAF002F5058 /* Release */ = {
			isa = XCBuildConfiguration;
			buildSettings = {
				ALWAYS_SEARCH_USER_PATHS = NO;
				CLANG_ANALYZER_NONNULL = YES;
				CLANG_ANALYZER_NUMBER_OBJECT_CONVERSION = YES_AGGRESSIVE;
				CLANG_CXX_LANGUAGE_STANDARD = "gnu++14";
				CLANG_CXX_LIBRARY = "libc++";
				CLANG_ENABLE_MODULES = YES;
				CLANG_ENABLE_OBJC_ARC = YES;
				CLANG_ENABLE_OBJC_WEAK = YES;
				CLANG_WARN_BLOCK_CAPTURE_AUTORELEASING = YES;
				CLANG_WARN_BOOL_CONVERSION = YES;
				CLANG_WARN_COMMA = YES;
				CLANG_WARN_CONSTANT_CONVERSION = YES;
				CLANG_WARN_DEPRECATED_OBJC_IMPLEMENTATIONS = YES;
				CLANG_WARN_DIRECT_OBJC_ISA_USAGE = YES_ERROR;
				CLANG_WARN_DOCUMENTATION_COMMENTS = YES;
				CLANG_WARN_EMPTY_BODY = YES;
				CLANG_WARN_ENUM_CONVERSION = YES;
				CLANG_WARN_INFINITE_RECURSION = YES;
				CLANG_WARN_INT_CONVERSION = YES;
				CLANG_WARN_NON_LITERAL_NULL_CONVERSION = YES;
				CLANG_WARN_OBJC_IMPLICIT_RETAIN_SELF = YES;
				CLANG_WARN_OBJC_LITERAL_CONVERSION = YES;
				CLANG_WARN_OBJC_ROOT_CLASS = YES_ERROR;
				CLANG_WARN_RANGE_LOOP_ANALYSIS = YES;
				CLANG_WARN_STRICT_PROTOTYPES = YES;
				CLANG_WARN_SUSPICIOUS_MOVE = YES;
				CLANG_WARN_UNGUARDED_AVAILABILITY = YES_AGGRESSIVE;
				CLANG_WARN_UNREACHABLE_CODE = YES;
				CLANG_WARN__DUPLICATE_METHOD_MATCH = YES;
				COPY_PHASE_STRIP = NO;
				DEBUG_INFORMATION_FORMAT = "dwarf-with-dsym";
				ENABLE_NS_ASSERTIONS = NO;
				ENABLE_STRICT_OBJC_MSGSEND = YES;
				GCC_C_LANGUAGE_STANDARD = gnu11;
				GCC_NO_COMMON_BLOCKS = YES;
				GCC_WARN_64_TO_32_BIT_CONVERSION = YES;
				GCC_WARN_ABOUT_RETURN_TYPE = YES_ERROR;
				GCC_WARN_UNDECLARED_SELECTOR = YES;
				GCC_WARN_UNINITIALIZED_AUTOS = YES_AGGRESSIVE;
				GCC_WARN_UNUSED_FUNCTION = YES;
				GCC_WARN_UNUSED_VARIABLE = YES;
				IPHONEOS_DEPLOYMENT_TARGET = 13.0;
				MTL_ENABLE_DEBUG_INFO = NO;
				MTL_FAST_MATH = YES;
				SDKROOT = iphoneos;
				SWIFT_COMPILATION_MODE = wholemodule;
				SWIFT_OPTIMIZATION_LEVEL = "-O";
				VALIDATE_PRODUCT = YES;
			};
			name = Release;
		};
		696B09A622DE3FAF002F5058 /* Debug */ = {
			isa = XCBuildConfiguration;
			buildSettings = {
				ASSETCATALOG_COMPILER_APPICON_NAME = AppIcon;
				CODE_SIGN_STYLE = Automatic;
				DEVELOPMENT_TEAM = N4EV3W64CV;
				INFOPLIST_FILE = BuggedTableViewDelegateMethods/Info.plist;
				LD_RUNPATH_SEARCH_PATHS = (
					"$(inherited)",
					"@executable_path/Frameworks",
				);
				PRODUCT_BUNDLE_IDENTIFIER = com.benjamin.chat.ios.BuggedTableViewDelegateMethods;
				PRODUCT_NAME = "$(TARGET_NAME)";
				SWIFT_VERSION = 5.0;
				TARGETED_DEVICE_FAMILY = "1,2";
			};
			name = Debug;
		};
		696B09A722DE3FAF002F5058 /* Release */ = {
			isa = XCBuildConfiguration;
			buildSettings = {
				ASSETCATALOG_COMPILER_APPICON_NAME = AppIcon;
				CODE_SIGN_STYLE = Automatic;
				DEVELOPMENT_TEAM = N4EV3W64CV;
				INFOPLIST_FILE = BuggedTableViewDelegateMethods/Info.plist;
				LD_RUNPATH_SEARCH_PATHS = (
					"$(inherited)",
					"@executable_path/Frameworks",
				);
				PRODUCT_BUNDLE_IDENTIFIER = com.benjamin.chat.ios.BuggedTableViewDelegateMethods;
				PRODUCT_NAME = "$(TARGET_NAME)";
				SWIFT_VERSION = 5.0;
				TARGETED_DEVICE_FAMILY = "1,2";
			};
			name = Release;
		};
/* End XCBuildConfiguration section */

/* Begin XCConfigurationList section */
		696B098C22DE3FAD002F5058 /* Build configuration list for PBXProject "BuggedTableViewDelegateMethods" */ = {
			isa = XCConfigurationList;
			buildConfigurations = (
				696B09A322DE3FAF002F5058 /* Debug */,
				696B09A422DE3FAF002F5058 /* Release */,
			);
			defaultConfigurationIsVisible = 0;
			defaultConfigurationName = Release;
		};
		696B09A522DE3FAF002F5058 /* Build configuration list for PBXNativeTarget "BuggedTableViewDelegateMethods" */ = {
			isa = XCConfigurationList;
			buildConfigurations = (
				696B09A622DE3FAF002F5058 /* Debug */,
				696B09A722DE3FAF002F5058 /* Release */,
			);
			defaultConfigurationIsVisible = 0;
			defaultConfigurationName = Release;
		};
/* End XCConfigurationList section */
	};
	rootObject = 696B098922DE3FAD002F5058 /* Project object */;
}
